
Microsoft Visual Studio Solution File, Format Version 12.00
# Visual Studio 15
VisualStudioVersion = 15.0.27130.2036
MinimumVisualStudioVersion = 10.0.40219.1
Project("{8BC9CEB8-8B4A-11D0-8D11-00A0C91BC942}") = "IPZ", "IPZ\IPZ.vcxproj", "{63A5800F-C1DA-4343-B525-840EB685DA92}"
EndProject
Global
	GlobalSection(SolutionConfigurationPlatforms) = preSolution
		Debug|x64 = Debug|x64
		Debug|x86 = Debug|x86
		Release|x64 = Release|x64
		Release|x86 = Release|x86
	EndGlobalSection
	GlobalSection(ProjectConfigurationPlatforms) = postSolution
		{63A5800F-C1DA-4343-B525-840EB685DA92}.Debug|x64.ActiveCfg = Debug|x64
		{63A5800F-C1DA-4343-B525-840EB685DA92}.Debug|x64.Build.0 = Debug|x64
		{63A5800F-C1DA-4343-B525-840EB685DA92}.Debug|x86.ActiveCfg = Debug|Win32
		{63A5800F-C1DA-4343-B525-840EB685DA92}.Debug|x86.Build.0 = Debug|Win32
		{63A5800F-C1DA-4343-B525-840EB685DA92}.Release|x64.ActiveCfg = Release|x64
		{63A5800F-C1DA-4343-B525-840EB685DA92}.Release|x64.Build.0 = Release|x64
		{63A5800F-C1DA-4343-B525-840EB685DA92}.Release|x86.ActiveCfg = Release|Win32
		{63A5800F-C1DA-4343-B525-840EB685DA92}.Release|x86.Build.0 = Release|Win32
	EndGlobalSection
	GlobalSection(SolutionProperties) = preSolution
		HideSolutionNode = FALSE
	EndGlobalSection
	GlobalSection(ExtensibilityGlobals) = postSolution
		SolutionGuid = {ACE0B62B-C5FD-4913-814D-FEBDAD426B0C}
	EndGlobalSection
EndGlobal
